// !$*UTF8*$!
{
	archiveVersion = 1;
	classes = {
	};
	objectVersion = 46;
	objects = {

/* Begin PBXBuildFile section */
		B85011B3172EB7C700596A04 /* ABTrackingService.m in Sources */ = {isa = PBXBuildFile; fileRef = B85011B2172EB7C700596A04 /* ABTrackingService.m */; };
		B85011B7172EC05400596A04 /* ABRootTabBarController.m in Sources */ = {isa = PBXBuildFile; fileRef = B85011B6172EC05400596A04 /* ABRootTabBarController.m */; };
		B85011B8172EC2C100596A04 /* Default.png in Resources */ = {isa = PBXBuildFile; fileRef = B88D315F172E29CF00FA1141 /* Default.png */; };
		B88D30FF172E117B00FA1141 /* UIKit.framework in Frameworks */ = {isa = PBXBuildFile; fileRef = B88D30FE172E117B00FA1141 /* UIKit.framework */; };
		B88D3101172E117B00FA1141 /* Foundation.framework in Frameworks */ = {isa = PBXBuildFile; fileRef = B88D3100172E117B00FA1141 /* Foundation.framework */; };
		B88D3103172E117B00FA1141 /* CoreGraphics.framework in Frameworks */ = {isa = PBXBuildFile; fileRef = B88D3102172E117B00FA1141 /* CoreGraphics.framework */; };
		B88D3109172E117B00FA1141 /* InfoPlist.strings in Resources */ = {isa = PBXBuildFile; fileRef = B88D3107172E117B00FA1141 /* InfoPlist.strings */; };
		B88D310B172E117B00FA1141 /* main.m in Sources */ = {isa = PBXBuildFile; fileRef = B88D310A172E117B00FA1141 /* main.m */; };
		B88D310F172E117B00FA1141 /* ABAppDelegate.m in Sources */ = {isa = PBXBuildFile; fileRef = B88D310E172E117B00FA1141 /* ABAppDelegate.m */; };
		B88D3118172E117B00FA1141 /* MainStoryboard.storyboard in Resources */ = {isa = PBXBuildFile; fileRef = B88D3116172E117B00FA1141 /* MainStoryboard.storyboard */; };
		B88D3126172E126D00FA1141 /* libGoogleAnalytics.a in Frameworks */ = {isa = PBXBuildFile; fileRef = B88D3125172E126D00FA1141 /* libGoogleAnalytics.a */; };
		B88D312E172E12DE00FA1141 /* ABViewController.m in Sources */ = {isa = PBXBuildFile; fileRef = B88D312D172E12DE00FA1141 /* ABViewController.m */; };
		B88D3133172E147300FA1141 /* ABUIService.m in Sources */ = {isa = PBXBuildFile; fileRef = B88D3132172E147300FA1141 /* ABUIService.m */; };
		B88D3137172E160800FA1141 /* UIView+AB.m in Sources */ = {isa = PBXBuildFile; fileRef = B88D3136172E160800FA1141 /* UIView+AB.m */; };
		B88D3140172E176000FA1141 /* ABLoadingViewController.m in Sources */ = {isa = PBXBuildFile; fileRef = B88D313F172E176000FA1141 /* ABLoadingViewController.m */; };
		B88D3144172E180B00FA1141 /* ABLoadingImageView.m in Sources */ = {isa = PBXBuildFile; fileRef = B88D3143172E180B00FA1141 /* ABLoadingImageView.m */; };
		B88D3146172E182E00FA1141 /* QuartzCore.framework in Frameworks */ = {isa = PBXBuildFile; fileRef = B88D3145172E182E00FA1141 /* QuartzCore.framework */; };
		B88D3148172E1BB100FA1141 /* CoreData.framework in Frameworks */ = {isa = PBXBuildFile; fileRef = B88D3147172E1BB100FA1141 /* CoreData.framework */; };
		B88D314A172E1BC800FA1141 /* SystemConfiguration.framework in Frameworks */ = {isa = PBXBuildFile; fileRef = B88D3149172E1BC800FA1141 /* SystemConfiguration.framework */; };
		B88D314D172E1D5C00FA1141 /* AB.m in Sources */ = {isa = PBXBuildFile; fileRef = B88D314C172E1D5C00FA1141 /* AB.m */; };
		B88D3156172E290E00FA1141 /* 1.png in Resources */ = {isa = PBXBuildFile; fileRef = B88D314F172E290E00FA1141 /* 1.png */; };
		B88D3157172E290E00FA1141 /* 2.png in Resources */ = {isa = PBXBuildFile; fileRef = B88D3150172E290E00FA1141 /* 2.png */; };
		B88D3158172E290E00FA1141 /* 3.png in Resources */ = {isa = PBXBuildFile; fileRef = B88D3151172E290E00FA1141 /* 3.png */; };
		B88D3159172E290E00FA1141 /* 4.png in Resources */ = {isa = PBXBuildFile; fileRef = B88D3152172E290E00FA1141 /* 4.png */; };
		B88D315A172E290E00FA1141 /* 5.png in Resources */ = {isa = PBXBuildFile; fileRef = B88D3153172E290E00FA1141 /* 5.png */; };
		B88D315B172E290E00FA1141 /* 6.png in Resources */ = {isa = PBXBuildFile; fileRef = B88D3154172E290E00FA1141 /* 6.png */; };
		B88D315C172E290E00FA1141 /* 7.png in Resources */ = {isa = PBXBuildFile; fileRef = B88D3155172E290E00FA1141 /* 7.png */; };
		B88D315E172E299B00FA1141 /* Default@2x.png in Resources */ = {isa = PBXBuildFile; fileRef = B88D315D172E299B00FA1141 /* Default@2x.png */; };
		B88D3162172E2A0900FA1141 /* Default-568h@2x.png in Resources */ = {isa = PBXBuildFile; fileRef = B88D3161172E2A0900FA1141 /* Default-568h@2x.png */; };
/* End PBXBuildFile section */

/* Begin PBXFileReference section */
		B85011B1172EB7C700596A04 /* ABTrackingService.h */ = {isa = PBXFileReference; fileEncoding = 4; lastKnownFileType = sourcecode.c.h; path = ABTrackingService.h; sourceTree = "<group>"; };
		B85011B2172EB7C700596A04 /* ABTrackingService.m */ = {isa = PBXFileReference; fileEncoding = 4; lastKnownFileType = sourcecode.c.objc; path = ABTrackingService.m; sourceTree = "<group>"; };
		B85011B5172EC05400596A04 /* ABRootTabBarController.h */ = {isa = PBXFileReference; fileEncoding = 4; lastKnownFileType = sourcecode.c.h; path = ABRootTabBarController.h; sourceTree = "<group>"; };
		B85011B6172EC05400596A04 /* ABRootTabBarController.m */ = {isa = PBXFileReference; fileEncoding = 4; lastKnownFileType = sourcecode.c.objc; path = ABRootTabBarController.m; sourceTree = "<group>"; };
		B88D30FB172E117B00FA1141 /* AndrewBarba.app */ = {isa = PBXFileReference; explicitFileType = wrapper.application; includeInIndex = 0; path = AndrewBarba.app; sourceTree = BUILT_PRODUCTS_DIR; };
		B88D30FE172E117B00FA1141 /* UIKit.framework */ = {isa = PBXFileReference; lastKnownFileType = wrapper.framework; name = UIKit.framework; path = System/Library/Frameworks/UIKit.framework; sourceTree = SDKROOT; };
		B88D3100172E117B00FA1141 /* Foundation.framework */ = {isa = PBXFileReference; lastKnownFileType = wrapper.framework; name = Foundation.framework; path = System/Library/Frameworks/Foundation.framework; sourceTree = SDKROOT; };
		B88D3102172E117B00FA1141 /* CoreGraphics.framework */ = {isa = PBXFileReference; lastKnownFileType = wrapper.framework; name = CoreGraphics.framework; path = System/Library/Frameworks/CoreGraphics.framework; sourceTree = SDKROOT; };
		B88D3106172E117B00FA1141 /* AndrewBarba-Info.plist */ = {isa = PBXFileReference; lastKnownFileType = text.plist.xml; path = "AndrewBarba-Info.plist"; sourceTree = "<group>"; };
		B88D3108172E117B00FA1141 /* en */ = {isa = PBXFileReference; lastKnownFileType = text.plist.strings; name = en; path = en.lproj/InfoPlist.strings; sourceTree = "<group>"; };
		B88D310A172E117B00FA1141 /* main.m */ = {isa = PBXFileReference; lastKnownFileType = sourcecode.c.objc; path = main.m; sourceTree = "<group>"; };
		B88D310C172E117B00FA1141 /* AndrewBarba-Prefix.pch */ = {isa = PBXFileReference; lastKnownFileType = sourcecode.c.h; path = "AndrewBarba-Prefix.pch"; sourceTree = "<group>"; };
		B88D310D172E117B00FA1141 /* ABAppDelegate.h */ = {isa = PBXFileReference; lastKnownFileType = sourcecode.c.h; path = ABAppDelegate.h; sourceTree = "<group>"; };
		B88D310E172E117B00FA1141 /* ABAppDelegate.m */ = {isa = PBXFileReference; lastKnownFileType = sourcecode.c.objc; path = ABAppDelegate.m; sourceTree = "<group>"; };
		B88D3117172E117B00FA1141 /* en */ = {isa = PBXFileReference; lastKnownFileType = file.storyboard; name = en; path = en.lproj/MainStoryboard.storyboard; sourceTree = "<group>"; };
		B88D3125172E126D00FA1141 /* libGoogleAnalytics.a */ = {isa = PBXFileReference; lastKnownFileType = archive.ar; name = libGoogleAnalytics.a; path = ../../../Downloads/GoogleAnalyticsiOS_2.0beta4/Library/libGoogleAnalytics.a; sourceTree = "<group>"; };
		B88D3127172E128B00FA1141 /* GAI.h */ = {isa = PBXFileReference; fileEncoding = 4; lastKnownFileType = sourcecode.c.h; path = GAI.h; sourceTree = "<group>"; };
		B88D3128172E128B00FA1141 /* GAITrackedViewController.h */ = {isa = PBXFileReference; fileEncoding = 4; lastKnownFileType = sourcecode.c.h; path = GAITrackedViewController.h; sourceTree = "<group>"; };
		B88D3129172E128B00FA1141 /* GAITracker.h */ = {isa = PBXFileReference; fileEncoding = 4; lastKnownFileType = sourcecode.c.h; path = GAITracker.h; sourceTree = "<group>"; };
		B88D312A172E128B00FA1141 /* GAITransaction.h */ = {isa = PBXFileReference; fileEncoding = 4; lastKnownFileType = sourcecode.c.h; path = GAITransaction.h; sourceTree = "<group>"; };
		B88D312B172E128B00FA1141 /* GAITransactionItem.h */ = {isa = PBXFileReference; fileEncoding = 4; lastKnownFileType = sourcecode.c.h; path = GAITransactionItem.h; sourceTree = "<group>"; };
		B88D312C172E12DE00FA1141 /* ABViewController.h */ = {isa = PBXFileReference; fileEncoding = 4; lastKnownFileType = sourcecode.c.h; path = ABViewController.h; sourceTree = "<group>"; };
		B88D312D172E12DE00FA1141 /* ABViewController.m */ = {isa = PBXFileReference; fileEncoding = 4; lastKnownFileType = sourcecode.c.objc; path = ABViewController.m; sourceTree = "<group>"; };
		B88D3131172E147300FA1141 /* ABUIService.h */ = {isa = PBXFileReference; fileEncoding = 4; lastKnownFileType = sourcecode.c.h; path = ABUIService.h; sourceTree = "<group>"; };
		B88D3132172E147300FA1141 /* ABUIService.m */ = {isa = PBXFileReference; fileEncoding = 4; lastKnownFileType = sourcecode.c.objc; path = ABUIService.m; sourceTree = "<group>"; };
		B88D3135172E160800FA1141 /* UIView+AB.h */ = {isa = PBXFileReference; fileEncoding = 4; lastKnownFileType = sourcecode.c.h; path = "UIView+AB.h"; sourceTree = "<group>"; };
		B88D3136172E160800FA1141 /* UIView+AB.m */ = {isa = PBXFileReference; fileEncoding = 4; lastKnownFileType = sourcecode.c.objc; path = "UIView+AB.m"; sourceTree = "<group>"; };
		B88D313E172E176000FA1141 /* ABLoadingViewController.h */ = {isa = PBXFileReference; fileEncoding = 4; lastKnownFileType = sourcecode.c.h; path = ABLoadingViewController.h; sourceTree = "<group>"; };
		B88D313F172E176000FA1141 /* ABLoadingViewController.m */ = {isa = PBXFileReference; fileEncoding = 4; lastKnownFileType = sourcecode.c.objc; path = ABLoadingViewController.m; sourceTree = "<group>"; };
		B88D3142172E180B00FA1141 /* ABLoadingImageView.h */ = {isa = PBXFileReference; fileEncoding = 4; lastKnownFileType = sourcecode.c.h; path = ABLoadingImageView.h; sourceTree = "<group>"; };
		B88D3143172E180B00FA1141 /* ABLoadingImageView.m */ = {isa = PBXFileReference; fileEncoding = 4; lastKnownFileType = sourcecode.c.objc; path = ABLoadingImageView.m; sourceTree = "<group>"; };
		B88D3145172E182E00FA1141 /* QuartzCore.framework */ = {isa = PBXFileReference; lastKnownFileType = wrapper.framework; name = QuartzCore.framework; path = System/Library/Frameworks/QuartzCore.framework; sourceTree = SDKROOT; };
		B88D3147172E1BB100FA1141 /* CoreData.framework */ = {isa = PBXFileReference; lastKnownFileType = wrapper.framework; name = CoreData.framework; path = System/Library/Frameworks/CoreData.framework; sourceTree = SDKROOT; };
		B88D3149172E1BC800FA1141 /* SystemConfiguration.framework */ = {isa = PBXFileReference; lastKnownFileType = wrapper.framework; name = SystemConfiguration.framework; path = System/Library/Frameworks/SystemConfiguration.framework; sourceTree = SDKROOT; };
		B88D314B172E1D5C00FA1141 /* AB.h */ = {isa = PBXFileReference; fileEncoding = 4; lastKnownFileType = sourcecode.c.h; path = AB.h; sourceTree = "<group>"; };
		B88D314C172E1D5C00FA1141 /* AB.m */ = {isa = PBXFileReference; fileEncoding = 4; lastKnownFileType = sourcecode.c.objc; path = AB.m; sourceTree = "<group>"; };
		B88D314F172E290E00FA1141 /* 1.png */ = {isa = PBXFileReference; lastKnownFileType = image.png; path = 1.png; sourceTree = "<group>"; };
		B88D3150172E290E00FA1141 /* 2.png */ = {isa = PBXFileReference; lastKnownFileType = image.png; path = 2.png; sourceTree = "<group>"; };
		B88D3151172E290E00FA1141 /* 3.png */ = {isa = PBXFileReference; lastKnownFileType = image.png; path = 3.png; sourceTree = "<group>"; };
		B88D3152172E290E00FA1141 /* 4.png */ = {isa = PBXFileReference; lastKnownFileType = image.png; path = 4.png; sourceTree = "<group>"; };
		B88D3153172E290E00FA1141 /* 5.png */ = {isa = PBXFileReference; lastKnownFileType = image.png; path = 5.png; sourceTree = "<group>"; };
		B88D3154172E290E00FA1141 /* 6.png */ = {isa = PBXFileReference; lastKnownFileType = image.png; path = 6.png; sourceTree = "<group>"; };
		B88D3155172E290E00FA1141 /* 7.png */ = {isa = PBXFileReference; lastKnownFileType = image.png; path = 7.png; sourceTree = "<group>"; };
		B88D315D172E299B00FA1141 /* Default@2x.png */ = {isa = PBXFileReference; lastKnownFileType = image.png; name = "Default@2x.png"; path = "../Default@2x.png"; sourceTree = "<group>"; };
		B88D315F172E29CF00FA1141 /* Default.png */ = {isa = PBXFileReference; lastKnownFileType = image.png; name = Default.png; path = ../Default.png; sourceTree = "<group>"; };
		B88D3161172E2A0900FA1141 /* Default-568h@2x.png */ = {isa = PBXFileReference; lastKnownFileType = image.png; name = "Default-568h@2x.png"; path = "../Default-568h@2x.png"; sourceTree = "<group>"; };
/* End PBXFileReference section */

/* Begin PBXFrameworksBuildPhase section */
		B88D30F8172E117B00FA1141 /* Frameworks */ = {
			isa = PBXFrameworksBuildPhase;
			buildActionMask = 2147483647;
			files = (
				B88D314A172E1BC800FA1141 /* SystemConfiguration.framework in Frameworks */,
				B88D3148172E1BB100FA1141 /* CoreData.framework in Frameworks */,
				B88D3146172E182E00FA1141 /* QuartzCore.framework in Frameworks */,
				B88D3126172E126D00FA1141 /* libGoogleAnalytics.a in Frameworks */,
				B88D30FF172E117B00FA1141 /* UIKit.framework in Frameworks */,
				B88D3101172E117B00FA1141 /* Foundation.framework in Frameworks */,
				B88D3103172E117B00FA1141 /* CoreGraphics.framework in Frameworks */,
			);
			runOnlyForDeploymentPostprocessing = 0;
		};
/* End PBXFrameworksBuildPhase section */

/* Begin PBXGroup section */
		B85011B4172EC03400596A04 /* Root */ = {
			isa = PBXGroup;
			children = (
				B85011B5172EC05400596A04 /* ABRootTabBarController.h */,
				B85011B6172EC05400596A04 /* ABRootTabBarController.m */,
			);
			name = Root;
			sourceTree = "<group>";
		};
		B88D30F2172E117B00FA1141 = {
			isa = PBXGroup;
			children = (
				B88D3104172E117B00FA1141 /* AndrewBarba */,
				B88D30FD172E117B00FA1141 /* Frameworks */,
				B88D30FC172E117B00FA1141 /* Products */,
			);
			sourceTree = "<group>";
		};
		B88D30FC172E117B00FA1141 /* Products */ = {
			isa = PBXGroup;
			children = (
				B88D30FB172E117B00FA1141 /* AndrewBarba.app */,
			);
			name = Products;
			sourceTree = "<group>";
		};
		B88D30FD172E117B00FA1141 /* Frameworks */ = {
			isa = PBXGroup;
			children = (
				B88D3149172E1BC800FA1141 /* SystemConfiguration.framework */,
				B88D3147172E1BB100FA1141 /* CoreData.framework */,
				B88D3145172E182E00FA1141 /* QuartzCore.framework */,
				B88D3124172E125700FA1141 /* GA */,
				B88D30FE172E117B00FA1141 /* UIKit.framework */,
				B88D3100172E117B00FA1141 /* Foundation.framework */,
				B88D3102172E117B00FA1141 /* CoreGraphics.framework */,
			);
			name = Frameworks;
			sourceTree = "<group>";
		};
		B88D3104172E117B00FA1141 /* AndrewBarba */ = {
			isa = PBXGroup;
			children = (
				B88D3121172E119100FA1141 /* Core */,
				B88D3123172E11BF00FA1141 /* Common */,
				B88D312F172E143900FA1141 /* Services */,
				B88D3134172E159300FA1141 /* Categories */,
				B88D3130172E145600FA1141 /* Views */,
				B88D3105172E117B00FA1141 /* Supporting Files */,
			);
			path = AndrewBarba;
			sourceTree = "<group>";
		};
		B88D3105172E117B00FA1141 /* Supporting Files */ = {
			isa = PBXGroup;
			children = (
				B88D314E172E285600FA1141 /* Images */,
				B88D3106172E117B00FA1141 /* AndrewBarba-Info.plist */,
				B88D3107172E117B00FA1141 /* InfoPlist.strings */,
				B88D310A172E117B00FA1141 /* main.m */,
				B88D310C172E117B00FA1141 /* AndrewBarba-Prefix.pch */,
			);
			name = "Supporting Files";
			sourceTree = "<group>";
		};
		B88D3121172E119100FA1141 /* Core */ = {
			isa = PBXGroup;
			children = (
				B88D314B172E1D5C00FA1141 /* AB.h */,
				B88D314C172E1D5C00FA1141 /* AB.m */,
				B88D310D172E117B00FA1141 /* ABAppDelegate.h */,
				B88D310E172E117B00FA1141 /* ABAppDelegate.m */,
			);
			name = Core;
			sourceTree = "<group>";
		};
		B88D3123172E11BF00FA1141 /* Common */ = {
			isa = PBXGroup;
			children = (
				B88D312C172E12DE00FA1141 /* ABViewController.h */,
				B88D312D172E12DE00FA1141 /* ABViewController.m */,
			);
			name = Common;
			sourceTree = "<group>";
		};
		B88D3124172E125700FA1141 /* GA */ = {
			isa = PBXGroup;
			children = (
				B88D3125172E126D00FA1141 /* libGoogleAnalytics.a */,
				B88D3127172E128B00FA1141 /* GAI.h */,
				B88D3128172E128B00FA1141 /* GAITrackedViewController.h */,
				B88D3129172E128B00FA1141 /* GAITracker.h */,
				B88D312A172E128B00FA1141 /* GAITransaction.h */,
				B88D312B172E128B00FA1141 /* GAITransactionItem.h */,
			);
			name = GA;
			path = AndrewBarba;
			sourceTree = "<group>";
		};
		B88D312F172E143900FA1141 /* Services */ = {
			isa = PBXGroup;
			children = (
				B88D3131172E147300FA1141 /* ABUIService.h */,
				B88D3132172E147300FA1141 /* ABUIService.m */,
				B85011B1172EB7C700596A04 /* ABTrackingService.h */,
				B85011B2172EB7C700596A04 /* ABTrackingService.m */,
			);
			name = Services;
			sourceTree = "<group>";
		};
		B88D3130172E145600FA1141 /* Views */ = {
			isa = PBXGroup;
			children = (
				B88D3116172E117B00FA1141 /* MainStoryboard.storyboard */,
				B85011B4172EC03400596A04 /* Root */,
				B88D313D172E174B00FA1141 /* Loading */,
			);
			name = Views;
			sourceTree = "<group>";
		};
		B88D3134172E159300FA1141 /* Categories */ = {
			isa = PBXGroup;
			children = (
				B88D3135172E160800FA1141 /* UIView+AB.h */,
				B88D3136172E160800FA1141 /* UIView+AB.m */,
			);
			name = Categories;
			sourceTree = "<group>";
		};
		B88D313D172E174B00FA1141 /* Loading */ = {
			isa = PBXGroup;
			children = (
				B88D3141172E179600FA1141 /* widgets */,
				B88D313E172E176000FA1141 /* ABLoadingViewController.h */,
				B88D313F172E176000FA1141 /* ABLoadingViewController.m */,
			);
			name = Loading;
			sourceTree = "<group>";
		};
		B88D3141172E179600FA1141 /* widgets */ = {
			isa = PBXGroup;
			children = (
				B88D3142172E180B00FA1141 /* ABLoadingImageView.h */,
				B88D3143172E180B00FA1141 /* ABLoadingImageView.m */,
			);
			name = widgets;
			sourceTree = "<group>";
		};
		B88D314E172E285600FA1141 /* Images */ = {
			isa = PBXGroup;
			children = (
				B88D3161172E2A0900FA1141 /* Default-568h@2x.png */,
				B88D315F172E29CF00FA1141 /* Default.png */,
				B88D315D172E299B00FA1141 /* Default@2x.png */,
				B88D314F172E290E00FA1141 /* 1.png */,
				B88D3150172E290E00FA1141 /* 2.png */,
				B88D3151172E290E00FA1141 /* 3.png */,
				B88D3152172E290E00FA1141 /* 4.png */,
				B88D3153172E290E00FA1141 /* 5.png */,
				B88D3154172E290E00FA1141 /* 6.png */,
				B88D3155172E290E00FA1141 /* 7.png */,
			);
			name = Images;
			sourceTree = "<group>";
		};
/* End PBXGroup section */

/* Begin PBXNativeTarget section */
		B88D30FA172E117B00FA1141 /* AndrewBarba */ = {
			isa = PBXNativeTarget;
			buildConfigurationList = B88D311E172E117C00FA1141 /* Build configuration list for PBXNativeTarget "AndrewBarba" */;
			buildPhases = (
				B88D30F7172E117B00FA1141 /* Sources */,
				B88D30F8172E117B00FA1141 /* Frameworks */,
				B88D30F9172E117B00FA1141 /* Resources */,
			);
			buildRules = (
			);
			dependencies = (
			);
			name = AndrewBarba;
			productName = AndrewBarba;
			productReference = B88D30FB172E117B00FA1141 /* AndrewBarba.app */;
			productType = "com.apple.product-type.application";
		};
/* End PBXNativeTarget section */

/* Begin PBXProject section */
		B88D30F3172E117B00FA1141 /* Project object */ = {
			isa = PBXProject;
			attributes = {
				CLASSPREFIX = AB;
				LastUpgradeCheck = 0460;
				ORGANIZATIONNAME = "Andrew Barba";
			};
			buildConfigurationList = B88D30F6172E117B00FA1141 /* Build configuration list for PBXProject "AndrewBarba" */;
			compatibilityVersion = "Xcode 3.2";
			developmentRegion = English;
			hasScannedForEncodings = 0;
			knownRegions = (
				en,
			);
			mainGroup = B88D30F2172E117B00FA1141;
			productRefGroup = B88D30FC172E117B00FA1141 /* Products */;
			projectDirPath = "";
			projectRoot = "";
			targets = (
				B88D30FA172E117B00FA1141 /* AndrewBarba */,
			);
		};
/* End PBXProject section */

/* Begin PBXResourcesBuildPhase section */
		B88D30F9172E117B00FA1141 /* Resources */ = {
			isa = PBXResourcesBuildPhase;
			buildActionMask = 2147483647;
			files = (
				B88D3109172E117B00FA1141 /* InfoPlist.strings in Resources */,
				B88D3118172E117B00FA1141 /* MainStoryboard.storyboard in Resources */,
				B88D3156172E290E00FA1141 /* 1.png in Resources */,
				B88D3157172E290E00FA1141 /* 2.png in Resources */,
				B88D3158172E290E00FA1141 /* 3.png in Resources */,
				B88D3159172E290E00FA1141 /* 4.png in Resources */,
				B88D315A172E290E00FA1141 /* 5.png in Resources */,
				B88D315B172E290E00FA1141 /* 6.png in Resources */,
				B88D315C172E290E00FA1141 /* 7.png in Resources */,
				B88D315E172E299B00FA1141 /* Default@2x.png in Resources */,
				B88D3162172E2A0900FA1141 /* Default-568h@2x.png in Resources */,
				B85011B8172EC2C100596A04 /* Default.png in Resources */,
			);
			runOnlyForDeploymentPostprocessing = 0;
		};
/* End PBXResourcesBuildPhase section */

/* Begin PBXSourcesBuildPhase section */
		B88D30F7172E117B00FA1141 /* Sources */ = {
			isa = PBXSourcesBuildPhase;
			buildActionMask = 2147483647;
			files = (
				B88D310B172E117B00FA1141 /* main.m in Sources */,
				B88D310F172E117B00FA1141 /* ABAppDelegate.m in Sources */,
				B88D312E172E12DE00FA1141 /* ABViewController.m in Sources */,
				B88D3133172E147300FA1141 /* ABUIService.m in Sources */,
				B88D3137172E160800FA1141 /* UIView+AB.m in Sources */,
				B88D3140172E176000FA1141 /* ABLoadingViewController.m in Sources */,
				B88D3144172E180B00FA1141 /* ABLoadingImageView.m in Sources */,
				B88D314D172E1D5C00FA1141 /* AB.m in Sources */,
				B85011B3172EB7C700596A04 /* ABTrackingService.m in Sources */,
				B85011B7172EC05400596A04 /* ABRootTabBarController.m in Sources */,
			);
			runOnlyForDeploymentPostprocessing = 0;
		};
/* End PBXSourcesBuildPhase section */

/* Begin PBXVariantGroup section */
		B88D3107172E117B00FA1141 /* InfoPlist.strings */ = {
			isa = PBXVariantGroup;
			children = (
				B88D3108172E117B00FA1141 /* en */,
			);
			name = InfoPlist.strings;
			sourceTree = "<group>";
		};
		B88D3116172E117B00FA1141 /* MainStoryboard.storyboard */ = {
			isa = PBXVariantGroup;
			children = (
				B88D3117172E117B00FA1141 /* en */,
			);
			name = MainStoryboard.storyboard;
			sourceTree = "<group>";
		};
/* End PBXVariantGroup section */

/* Begin XCBuildConfiguration section */
		B88D311C172E117C00FA1141 /* Debug */ = {
			isa = XCBuildConfiguration;
			buildSettings = {
				ALWAYS_SEARCH_USER_PATHS = NO;
				CLANG_CXX_LANGUAGE_STANDARD = "gnu++0x";
				CLANG_CXX_LIBRARY = "libc++";
				CLANG_ENABLE_OBJC_ARC = YES;
				CLANG_WARN_CONSTANT_CONVERSION = YES;
				CLANG_WARN_EMPTY_BODY = YES;
				CLANG_WARN_ENUM_CONVERSION = YES;
				CLANG_WARN_INT_CONVERSION = YES;
				CLANG_WARN__DUPLICATE_METHOD_MATCH = YES;
				"CODE_SIGN_IDENTITY[sdk=iphoneos*]" = "iPhone Developer";
				COPY_PHASE_STRIP = NO;
				GCC_C_LANGUAGE_STANDARD = gnu99;
				GCC_DYNAMIC_NO_PIC = NO;
				GCC_OPTIMIZATION_LEVEL = 0;
				GCC_PREPROCESSOR_DEFINITIONS = (
					"DEBUG=1",
					"$(inherited)",
				);
				GCC_SYMBOLS_PRIVATE_EXTERN = NO;
				GCC_WARN_ABOUT_RETURN_TYPE = YES;
				GCC_WARN_UNINITIALIZED_AUTOS = YES;
				GCC_WARN_UNUSED_VARIABLE = YES;
				IPHONEOS_DEPLOYMENT_TARGET = 6.1;
				ONLY_ACTIVE_ARCH = YES;
				SDKROOT = iphoneos;
			};
			name = Debug;
		};
		B88D311D172E117C00FA1141 /* Release */ = {
			isa = XCBuildConfiguration;
			buildSettings = {
				ALWAYS_SEARCH_USER_PATHS = NO;
				CLANG_CXX_LANGUAGE_STANDARD = "gnu++0x";
				CLANG_CXX_LIBRARY = "libc++";
				CLANG_ENABLE_OBJC_ARC = YES;
				CLANG_WARN_CONSTANT_CONVERSION = YES;
				CLANG_WARN_EMPTY_BODY = YES;
				CLANG_WARN_ENUM_CONVERSION = YES;
				CLANG_WARN_INT_CONVERSION = YES;
				CLANG_WARN__DUPLICATE_METHOD_MATCH = YES;
				"CODE_SIGN_IDENTITY[sdk=iphoneos*]" = "iPhone Developer";
				COPY_PHASE_STRIP = YES;
				GCC_C_LANGUAGE_STANDARD = gnu99;
				GCC_WARN_ABOUT_RETURN_TYPE = YES;
				GCC_WARN_UNINITIALIZED_AUTOS = YES;
				GCC_WARN_UNUSED_VARIABLE = YES;
				IPHONEOS_DEPLOYMENT_TARGET = 6.1;
				OTHER_CFLAGS = "-DNS_BLOCK_ASSERTIONS=1";
				SDKROOT = iphoneos;
				VALIDATE_PRODUCT = YES;
			};
			name = Release;
		};
		B88D311F172E117C00FA1141 /* Debug */ = {
			isa = XCBuildConfiguration;
			buildSettings = {
				GCC_PRECOMPILE_PREFIX_HEADER = YES;
				GCC_PREFIX_HEADER = "AndrewBarba/AndrewBarba-Prefix.pch";
				INFOPLIST_FILE = "AndrewBarba/AndrewBarba-Info.plist";
				LIBRARY_SEARCH_PATHS = (
					"$(inherited)",
					"\"$(SRCROOT)/../../Downloads/GoogleAnalyticsiOS_2.0beta4/Library\"",
				);
				PRODUCT_NAME = "$(TARGET_NAME)";
				WRAPPER_EXTENSION = app;
			};
			name = Debug;
		};
		B88D3120172E117C00FA1141 /* Release */ = {
			isa = XCBuildConfiguration;
			buildSettings = {
				GCC_PRECOMPILE_PREFIX_HEADER = YES;
				GCC_PREFIX_HEADER = "AndrewBarba/AndrewBarba-Prefix.pch";
				INFOPLIST_FILE = "AndrewBarba/AndrewBarba-Info.plist";
				LIBRARY_SEARCH_PATHS = (
					"$(inherited)",
					"\"$(SRCROOT)/../../Downloads/GoogleAnalyticsiOS_2.0beta4/Library\"",
				);
				PRODUCT_NAME = "$(TARGET_NAME)";
				WRAPPER_EXTENSION = app;
			};
			name = Release;
		};
/* End XCBuildConfiguration section */

/* Begin XCConfigurationList section */
		B88D30F6172E117B00FA1141 /* Build configuration list for PBXProject "AndrewBarba" */ = {
			isa = XCConfigurationList;
			buildConfigurations = (
				B88D311C172E117C00FA1141 /* Debug */,
				B88D311D172E117C00FA1141 /* Release */,
			);
			defaultConfigurationIsVisible = 0;
			defaultConfigurationName = Release;
		};
		B88D311E172E117C00FA1141 /* Build configuration list for PBXNativeTarget "AndrewBarba" */ = {
			isa = XCConfigurationList;
			buildConfigurations = (
				B88D311F172E117C00FA1141 /* Debug */,
				B88D3120172E117C00FA1141 /* Release */,
			);
			defaultConfigurationIsVisible = 0;
			defaultConfigurationName = Release;
		};
/* End XCConfigurationList section */
	};
	rootObject = B88D30F3172E117B00FA1141 /* Project object */;
}
